{
  "name": "npm-license-normalization",
  "version": "1.0.0",
  "lockfileVersion": 3,
  "requires": true,
  "packages": {
    "": {
      "name": "npm-license-normalization",
      "version": "1.0.0",
      "dependencies": {
        "apache-style": "1.0.0",
        "file-ref": "2.0.0"
      }
    },
    "node_modules/apache-style": {
      "version": "1.0.0",
      "license": "Apache License 2.0"
    },
    "node_modules/file-ref": {
      "version": "2.0.0",
      "license": "SEE LICENSE IN LICENSE.md"
    }
  }
}
